// !$*UTF8*$!
{
	archiveVersion = 1;
	classes = {
	};
	objectVersion = 50;
	objects = {

/* Begin PBXBuildFile section */
		CEECCA4225D7528B00823D37 /* Assets.xcassets in Resources */ = {isa = PBXBuildFile; fileRef = CEECCA2625D7528B00823D37 /* Assets.xcassets */; };
		CEECCA4325D7528B00823D37 /* LaunchScreen.storyboard in Resources */ = {isa = PBXBuildFile; fileRef = CEECCA2725D7528B00823D37 /* LaunchScreen.storyboard */; };
		CEECCA4425D7528B00823D37 /* Main.storyboard in Resources */ = {isa = PBXBuildFile; fileRef = CEECCA2925D7528B00823D37 /* Main.storyboard */; };
		CEECCA4725D7528B00823D37 /* BoxView.swift in Sources */ = {isa = PBXBuildFile; fileRef = CEECCA3425D7528B00823D37 /* BoxView.swift */; };
		CEECCA4825D7528B00823D37 /* ConnectionView.swift in Sources */ = {isa = PBXBuildFile; fileRef = CEECCA3525D7528B00823D37 /* ConnectionView.swift */; };
		CEECCA4A25D7528B00823D37 /* BaseInteractorToPresenterProtocol.swift in Sources */ = {isa = PBXBuildFile; fileRef = CEECCA3925D7528B00823D37 /* BaseInteractorToPresenterProtocol.swift */; };
		CEECCA4B25D7528B00823D37 /* BasePresenter.swift in Sources */ = {isa = PBXBuildFile; fileRef = CEECCA3A25D7528B00823D37 /* BasePresenter.swift */; };
		CEECCA4C25D7528B00823D37 /* BaseRouter.swift in Sources */ = {isa = PBXBuildFile; fileRef = CEECCA3B25D7528B00823D37 /* BaseRouter.swift */; };
		CEECCA4D25D7528B00823D37 /* BaseInteractorProtocol.swift in Sources */ = {isa = PBXBuildFile; fileRef = CEECCA3C25D7528B00823D37 /* BaseInteractorProtocol.swift */; };
		CEECCA4E25D7528B00823D37 /* BaseViewProtocol.swift in Sources */ = {isa = PBXBuildFile; fileRef = CEECCA3D25D7528B00823D37 /* BaseViewProtocol.swift */; };
		CEECCA4F25D7528B00823D37 /* AppDelegate.swift in Sources */ = {isa = PBXBuildFile; fileRef = CEECCA3F25D7528B00823D37 /* AppDelegate.swift */; };
		CEECCA5025D7528B00823D37 /* SceneDelegate.swift in Sources */ = {isa = PBXBuildFile; fileRef = CEECCA4025D7528B00823D37 /* SceneDelegate.swift */; };
		CEECCA5725D7547A00823D37 /* HomeViewController.xib in Resources */ = {isa = PBXBuildFile; fileRef = CEECCA5525D7547A00823D37 /* HomeViewController.xib */; };
		CEECCA5825D7547A00823D37 /* HomeViewController.swift in Sources */ = {isa = PBXBuildFile; fileRef = CEECCA5625D7547A00823D37 /* HomeViewController.swift */; };
		CEECCA5F25D7548300823D37 /* ViewController.swift in Sources */ = {isa = PBXBuildFile; fileRef = CEECCA5E25D7548300823D37 /* ViewController.swift */; };
		CEECCA6425D754E600823D37 /* LandingRouter.swift in Sources */ = {isa = PBXBuildFile; fileRef = CEECCA6325D754E600823D37 /* LandingRouter.swift */; };
		CEECCA6725D754F500823D37 /* LandingProtocol.swift in Sources */ = {isa = PBXBuildFile; fileRef = CEECCA6625D754F500823D37 /* LandingProtocol.swift */; };
		CEECCA6A25D7550700823D37 /* LandingPresenter.swift in Sources */ = {isa = PBXBuildFile; fileRef = CEECCA6925D7550700823D37 /* LandingPresenter.swift */; };
		CEECCA6D25D7552A00823D37 /* LandingInteractor.swift in Sources */ = {isa = PBXBuildFile; fileRef = CEECCA6C25D7552A00823D37 /* LandingInteractor.swift */; };
		CEECCA7125D7565600823D37 /* CoreDataHandler.swift in Sources */ = {isa = PBXBuildFile; fileRef = CEECCA7025D7565600823D37 /* CoreDataHandler.swift */; };
		CEECCA7425D758CC00823D37 /* HomeInteractor.swift in Sources */ = {isa = PBXBuildFile; fileRef = CEECCA7325D758CC00823D37 /* HomeInteractor.swift */; };
		CEECCA7725D758D900823D37 /* HomePresenter.swift in Sources */ = {isa = PBXBuildFile; fileRef = CEECCA7625D758D900823D37 /* HomePresenter.swift */; };
		CEECCA7A25D758E400823D37 /* HomeProtocol.swift in Sources */ = {isa = PBXBuildFile; fileRef = CEECCA7925D758E400823D37 /* HomeProtocol.swift */; };
		CEECCA7D25D758F000823D37 /* HomeRouter.swift in Sources */ = {isa = PBXBuildFile; fileRef = CEECCA7C25D758F000823D37 /* HomeRouter.swift */; };
/* End PBXBuildFile section */

/* Begin PBXFileReference section */
		CE0B4E7A25D52DCA00353CB8 /* NuerogleeApp.app */ = {isa = PBXFileReference; explicitFileType = wrapper.application; includeInIndex = 0; path = NuerogleeApp.app; sourceTree = BUILT_PRODUCTS_DIR; };
		CE0B4E8B25D52DCD00353CB8 /* Info.plist */ = {isa = PBXFileReference; lastKnownFileType = text.plist.xml; path = Info.plist; sourceTree = "<group>"; };
		CEECCA2625D7528B00823D37 /* Assets.xcassets */ = {isa = PBXFileReference; lastKnownFileType = folder.assetcatalog; path = Assets.xcassets; sourceTree = "<group>"; };
		CEECCA2825D7528B00823D37 /* Base */ = {isa = PBXFileReference; lastKnownFileType = file.storyboard; name = Base; path = Base.lproj/LaunchScreen.storyboard; sourceTree = "<group>"; };
		CEECCA2A25D7528B00823D37 /* Base */ = {isa = PBXFileReference; lastKnownFileType = file.storyboard; name = Base; path = Base.lproj/Main.storyboard; sourceTree = "<group>"; };
		CEECCA3425D7528B00823D37 /* BoxView.swift */ = {isa = PBXFileReference; fileEncoding = 4; lastKnownFileType = sourcecode.swift; path = BoxView.swift; sourceTree = "<group>"; };
		CEECCA3525D7528B00823D37 /* ConnectionView.swift */ = {isa = PBXFileReference; fileEncoding = 4; lastKnownFileType = sourcecode.swift; path = ConnectionView.swift; sourceTree = "<group>"; };
		CEECCA3925D7528B00823D37 /* BaseInteractorToPresenterProtocol.swift */ = {isa = PBXFileReference; fileEncoding = 4; lastKnownFileType = sourcecode.swift; path = BaseInteractorToPresenterProtocol.swift; sourceTree = "<group>"; };
		CEECCA3A25D7528B00823D37 /* BasePresenter.swift */ = {isa = PBXFileReference; fileEncoding = 4; lastKnownFileType = sourcecode.swift; path = BasePresenter.swift; sourceTree = "<group>"; };
		CEECCA3B25D7528B00823D37 /* BaseRouter.swift */ = {isa = PBXFileReference; fileEncoding = 4; lastKnownFileType = sourcecode.swift; path = BaseRouter.swift; sourceTree = "<group>"; };
		CEECCA3C25D7528B00823D37 /* BaseInteractorProtocol.swift */ = {isa = PBXFileReference; fileEncoding = 4; lastKnownFileType = sourcecode.swift; path = BaseInteractorProtocol.swift; sourceTree = "<group>"; };
		CEECCA3D25D7528B00823D37 /* BaseViewProtocol.swift */ = {isa = PBXFileReference; fileEncoding = 4; lastKnownFileType = sourcecode.swift; path = BaseViewProtocol.swift; sourceTree = "<group>"; };
		CEECCA3F25D7528B00823D37 /* AppDelegate.swift */ = {isa = PBXFileReference; fileEncoding = 4; lastKnownFileType = sourcecode.swift; path = AppDelegate.swift; sourceTree = "<group>"; };
		CEECCA4025D7528B00823D37 /* SceneDelegate.swift */ = {isa = PBXFileReference; fileEncoding = 4; lastKnownFileType = sourcecode.swift; path = SceneDelegate.swift; sourceTree = "<group>"; };
		CEECCA5525D7547A00823D37 /* HomeViewController.xib */ = {isa = PBXFileReference; fileEncoding = 4; lastKnownFileType = file.xib; path = HomeViewController.xib; sourceTree = "<group>"; };
		CEECCA5625D7547A00823D37 /* HomeViewController.swift */ = {isa = PBXFileReference; fileEncoding = 4; lastKnownFileType = sourcecode.swift; path = HomeViewController.swift; sourceTree = "<group>"; };
		CEECCA5E25D7548300823D37 /* ViewController.swift */ = {isa = PBXFileReference; fileEncoding = 4; lastKnownFileType = sourcecode.swift; path = ViewController.swift; sourceTree = "<group>"; };
		CEECCA6325D754E600823D37 /* LandingRouter.swift */ = {isa = PBXFileReference; lastKnownFileType = sourcecode.swift; path = LandingRouter.swift; sourceTree = "<group>"; };
		CEECCA6625D754F500823D37 /* LandingProtocol.swift */ = {isa = PBXFileReference; lastKnownFileType = sourcecode.swift; path = LandingProtocol.swift; sourceTree = "<group>"; };
		CEECCA6925D7550700823D37 /* LandingPresenter.swift */ = {isa = PBXFileReference; lastKnownFileType = sourcecode.swift; path = LandingPresenter.swift; sourceTree = "<group>"; };
		CEECCA6C25D7552A00823D37 /* LandingInteractor.swift */ = {isa = PBXFileReference; lastKnownFileType = sourcecode.swift; path = LandingInteractor.swift; sourceTree = "<group>"; };
		CEECCA7025D7565600823D37 /* CoreDataHandler.swift */ = {isa = PBXFileReference; fileEncoding = 4; lastKnownFileType = sourcecode.swift; path = CoreDataHandler.swift; sourceTree = "<group>"; };
		CEECCA7325D758CC00823D37 /* HomeInteractor.swift */ = {isa = PBXFileReference; lastKnownFileType = sourcecode.swift; path = HomeInteractor.swift; sourceTree = "<group>"; };
		CEECCA7625D758D900823D37 /* HomePresenter.swift */ = {isa = PBXFileReference; lastKnownFileType = sourcecode.swift; path = HomePresenter.swift; sourceTree = "<group>"; };
		CEECCA7925D758E400823D37 /* HomeProtocol.swift */ = {isa = PBXFileReference; lastKnownFileType = sourcecode.swift; path = HomeProtocol.swift; sourceTree = "<group>"; };
		CEECCA7C25D758F000823D37 /* HomeRouter.swift */ = {isa = PBXFileReference; lastKnownFileType = sourcecode.swift; path = HomeRouter.swift; sourceTree = "<group>"; };
/* End PBXFileReference section */

/* Begin PBXFrameworksBuildPhase section */
		CE0B4E7725D52DCA00353CB8 /* Frameworks */ = {
			isa = PBXFrameworksBuildPhase;
			buildActionMask = 2147483647;
			files = (
			);
			runOnlyForDeploymentPostprocessing = 0;
		};
/* End PBXFrameworksBuildPhase section */

/* Begin PBXGroup section */
		CE0B4E7125D52DCA00353CB8 = {
			isa = PBXGroup;
			children = (
				CE0B4E7C25D52DCA00353CB8 /* NuerogleeApp */,
				CE0B4E7B25D52DCA00353CB8 /* Products */,
			);
			sourceTree = "<group>";
		};
		CE0B4E7B25D52DCA00353CB8 /* Products */ = {
			isa = PBXGroup;
			children = (
				CE0B4E7A25D52DCA00353CB8 /* NuerogleeApp.app */,
			);
			name = Products;
			sourceTree = "<group>";
		};
		CE0B4E7C25D52DCA00353CB8 /* NuerogleeApp */ = {
			isa = PBXGroup;
			children = (
				CEECCA3E25D7528B00823D37 /* AppDelegate */,
				CEECCA2B25D7528B00823D37 /* Module */,
				CEECCA4125D7528B00823D37 /* CoreData */,
				CEECCA2525D7528B00823D37 /* AppUI */,
				CE0B4E8B25D52DCD00353CB8 /* Info.plist */,
			);
			path = NuerogleeApp;
			sourceTree = "<group>";
		};
		CEECCA2525D7528B00823D37 /* AppUI */ = {
			isa = PBXGroup;
			children = (
				CEECCA2625D7528B00823D37 /* Assets.xcassets */,
				CEECCA2725D7528B00823D37 /* LaunchScreen.storyboard */,
				CEECCA2925D7528B00823D37 /* Main.storyboard */,
			);
			path = AppUI;
			sourceTree = "<group>";
		};
		CEECCA2B25D7528B00823D37 /* Module */ = {
			isa = PBXGroup;
			children = (
				CEECCA3625D7528B00823D37 /* LandingPage */,
				CEECCA2C25D7528B00823D37 /* Home */,
				CEECCA3325D7528B00823D37 /* CustomView */,
				CEECCA3825D7528B00823D37 /* Base */,
			);
			path = Module;
			sourceTree = "<group>";
		};
		CEECCA2C25D7528B00823D37 /* Home */ = {
			isa = PBXGroup;
			children = (
				CEECCA5425D7547A00823D37 /* View */,
				CEECCA3125D7528B00823D37 /* Interactor */,
				CEECCA2D25D7528B00823D37 /* Presenter */,
				CEECCA6125D754AC00823D37 /* Protocol */,
				CEECCA3225D7528B00823D37 /* Router */,
			);
			path = Home;
			sourceTree = "<group>";
		};
		CEECCA2D25D7528B00823D37 /* Presenter */ = {
			isa = PBXGroup;
			children = (
				CEECCA7625D758D900823D37 /* HomePresenter.swift */,
			);
			path = Presenter;
			sourceTree = "<group>";
		};
		CEECCA3125D7528B00823D37 /* Interactor */ = {
			isa = PBXGroup;
			children = (
				CEECCA7325D758CC00823D37 /* HomeInteractor.swift */,
			);
			path = Interactor;
			sourceTree = "<group>";
		};
		CEECCA3225D7528B00823D37 /* Router */ = {
			isa = PBXGroup;
			children = (
				CEECCA7C25D758F000823D37 /* HomeRouter.swift */,
			);
			path = Router;
			sourceTree = "<group>";
		};
		CEECCA3325D7528B00823D37 /* CustomView */ = {
			isa = PBXGroup;
			children = (
				CEECCA3425D7528B00823D37 /* BoxView.swift */,
				CEECCA3525D7528B00823D37 /* ConnectionView.swift */,
			);
			path = CustomView;
			sourceTree = "<group>";
		};
		CEECCA3625D7528B00823D37 /* LandingPage */ = {
			isa = PBXGroup;
			children = (
				CEECCA5D25D7548300823D37 /* View */,
				CEECCA5C25D7548300823D37 /* Interactor */,
				CEECCA5B25D7548300823D37 /* Presenter */,
				CEECCA6225D754B300823D37 /* Protocol */,
				CEECCA5A25D7548300823D37 /* Router */,
			);
			path = LandingPage;
			sourceTree = "<group>";
		};
		CEECCA3825D7528B00823D37 /* Base */ = {
			isa = PBXGroup;
			children = (
				CEECCA3925D7528B00823D37 /* BaseInteractorToPresenterProtocol.swift */,
				CEECCA3A25D7528B00823D37 /* BasePresenter.swift */,
				CEECCA3B25D7528B00823D37 /* BaseRouter.swift */,
				CEECCA3C25D7528B00823D37 /* BaseInteractorProtocol.swift */,
				CEECCA3D25D7528B00823D37 /* BaseViewProtocol.swift */,
			);
			path = Base;
			sourceTree = "<group>";
		};
		CEECCA3E25D7528B00823D37 /* AppDelegate */ = {
			isa = PBXGroup;
			children = (
				CEECCA3F25D7528B00823D37 /* AppDelegate.swift */,
				CEECCA4025D7528B00823D37 /* SceneDelegate.swift */,
			);
			path = AppDelegate;
			sourceTree = "<group>";
		};
		CEECCA4125D7528B00823D37 /* CoreData */ = {
			isa = PBXGroup;
			children = (
				CEECCA7025D7565600823D37 /* CoreDataHandler.swift */,
			);
			path = CoreData;
			sourceTree = "<group>";
		};
		CEECCA5425D7547A00823D37 /* View */ = {
			isa = PBXGroup;
			children = (
				CEECCA5625D7547A00823D37 /* HomeViewController.swift */,
				CEECCA5525D7547A00823D37 /* HomeViewController.xib */,
			);
			path = View;
			sourceTree = "<group>";
		};
		CEECCA5A25D7548300823D37 /* Router */ = {
			isa = PBXGroup;
			children = (
				CEECCA6325D754E600823D37 /* LandingRouter.swift */,
			);
			path = Router;
			sourceTree = "<group>";
		};
		CEECCA5B25D7548300823D37 /* Presenter */ = {
			isa = PBXGroup;
			children = (
				CEECCA6925D7550700823D37 /* LandingPresenter.swift */,
			);
			path = Presenter;
			sourceTree = "<group>";
		};
		CEECCA5C25D7548300823D37 /* Interactor */ = {
			isa = PBXGroup;
			children = (
				CEECCA6C25D7552A00823D37 /* LandingInteractor.swift */,
			);
			path = Interactor;
			sourceTree = "<group>";
		};
		CEECCA5D25D7548300823D37 /* View */ = {
			isa = PBXGroup;
			children = (
				CEECCA5E25D7548300823D37 /* ViewController.swift */,
			);
			path = View;
			sourceTree = "<group>";
		};
		CEECCA6125D754AC00823D37 /* Protocol */ = {
			isa = PBXGroup;
			children = (
				CEECCA7925D758E400823D37 /* HomeProtocol.swift */,
			);
			path = Protocol;
			sourceTree = "<group>";
		};
		CEECCA6225D754B300823D37 /* Protocol */ = {
			isa = PBXGroup;
			children = (
				CEECCA6625D754F500823D37 /* LandingProtocol.swift */,
			);
			path = Protocol;
			sourceTree = "<group>";
		};
/* End PBXGroup section */

/* Begin PBXNativeTarget section */
		CE0B4E7925D52DCA00353CB8 /* NuerogleeApp */ = {
			isa = PBXNativeTarget;
			buildConfigurationList = CE0B4E8E25D52DCD00353CB8 /* Build configuration list for PBXNativeTarget "NuerogleeApp" */;
			buildPhases = (
				CE0B4E7625D52DCA00353CB8 /* Sources */,
				CE0B4E7725D52DCA00353CB8 /* Frameworks */,
				CE0B4E7825D52DCA00353CB8 /* Resources */,
			);
			buildRules = (
			);
			dependencies = (
			);
			name = NuerogleeApp;
			productName = NuerogleeApp;
			productReference = CE0B4E7A25D52DCA00353CB8 /* NuerogleeApp.app */;
			productType = "com.apple.product-type.application";
		};
/* End PBXNativeTarget section */

/* Begin PBXProject section */
		CE0B4E7225D52DCA00353CB8 /* Project object */ = {
			isa = PBXProject;
			attributes = {
				LastSwiftUpdateCheck = 1220;
				LastUpgradeCheck = 1220;
				TargetAttributes = {
					CE0B4E7925D52DCA00353CB8 = {
						CreatedOnToolsVersion = 12.2;
					};
				};
			};
			buildConfigurationList = CE0B4E7525D52DCA00353CB8 /* Build configuration list for PBXProject "NuerogleeApp" */;
			compatibilityVersion = "Xcode 9.3";
			developmentRegion = en;
			hasScannedForEncodings = 0;
			knownRegions = (
				en,
				Base,
			);
			mainGroup = CE0B4E7125D52DCA00353CB8;
			productRefGroup = CE0B4E7B25D52DCA00353CB8 /* Products */;
			projectDirPath = "";
			projectRoot = "";
			targets = (
				CE0B4E7925D52DCA00353CB8 /* NuerogleeApp */,
			);
		};
/* End PBXProject section */

/* Begin PBXResourcesBuildPhase section */
		CE0B4E7825D52DCA00353CB8 /* Resources */ = {
			isa = PBXResourcesBuildPhase;
			buildActionMask = 2147483647;
			files = (
				CEECCA4425D7528B00823D37 /* Main.storyboard in Resources */,
				CEECCA4225D7528B00823D37 /* Assets.xcassets in Resources */,
				CEECCA4325D7528B00823D37 /* LaunchScreen.storyboard in Resources */,
				CEECCA5725D7547A00823D37 /* HomeViewController.xib in Resources */,
			);
			runOnlyForDeploymentPostprocessing = 0;
		};
/* End PBXResourcesBuildPhase section */

/* Begin PBXSourcesBuildPhase section */
		CE0B4E7625D52DCA00353CB8 /* Sources */ = {
			isa = PBXSourcesBuildPhase;
			buildActionMask = 2147483647;
			files = (
				CEECCA4725D7528B00823D37 /* BoxView.swift in Sources */,
				CEECCA7A25D758E400823D37 /* HomeProtocol.swift in Sources */,
				CEECCA7125D7565600823D37 /* CoreDataHandler.swift in Sources */,
				CEECCA4B25D7528B00823D37 /* BasePresenter.swift in Sources */,
				CEECCA4C25D7528B00823D37 /* BaseRouter.swift in Sources */,
				CEECCA6725D754F500823D37 /* LandingProtocol.swift in Sources */,
				CEECCA6A25D7550700823D37 /* LandingPresenter.swift in Sources */,
				CEECCA6D25D7552A00823D37 /* LandingInteractor.swift in Sources */,
				CEECCA4825D7528B00823D37 /* ConnectionView.swift in Sources */,
				CEECCA7D25D758F000823D37 /* HomeRouter.swift in Sources */,
				CEECCA6425D754E600823D37 /* LandingRouter.swift in Sources */,
				CEECCA5F25D7548300823D37 /* ViewController.swift in Sources */,
				CEECCA4E25D7528B00823D37 /* BaseViewProtocol.swift in Sources */,
				CEECCA5825D7547A00823D37 /* HomeViewController.swift in Sources */,
				CEECCA5025D7528B00823D37 /* SceneDelegate.swift in Sources */,
				CEECCA4A25D7528B00823D37 /* BaseInteractorToPresenterProtocol.swift in Sources */,
				CEECCA4F25D7528B00823D37 /* AppDelegate.swift in Sources */,
				CEECCA7725D758D900823D37 /* HomePresenter.swift in Sources */,
				CEECCA4D25D7528B00823D37 /* BaseInteractorProtocol.swift in Sources */,
				CEECCA7425D758CC00823D37 /* HomeInteractor.swift in Sources */,
			);
			runOnlyForDeploymentPostprocessing = 0;
		};
/* End PBXSourcesBuildPhase section */

/* Begin PBXVariantGroup section */
		CEECCA2725D7528B00823D37 /* LaunchScreen.storyboard */ = {
			isa = PBXVariantGroup;
			children = (
				CEECCA2825D7528B00823D37 /* Base */,
			);
			name = LaunchScreen.storyboard;
			sourceTree = "<group>";
		};
		CEECCA2925D7528B00823D37 /* Main.storyboard */ = {
			isa = PBXVariantGroup;
			children = (
				CEECCA2A25D7528B00823D37 /* Base */,
			);
			name = Main.storyboard;
			sourceTree = "<group>";
		};
/* End PBXVariantGroup section */

/* Begin XCBuildConfiguration section */
		CE0B4E8C25D52DCD00353CB8 /* Debug */ = {
			isa = XCBuildConfiguration;
			buildSettings = {
				ALWAYS_SEARCH_USER_PATHS = NO;
				CLANG_ANALYZER_NONNULL = YES;
				CLANG_ANALYZER_NUMBER_OBJECT_CONVERSION = YES_AGGRESSIVE;
				CLANG_CXX_LANGUAGE_STANDARD = "gnu++14";
				CLANG_CXX_LIBRARY = "libc++";
				CLANG_ENABLE_MODULES = YES;
				CLANG_ENABLE_OBJC_ARC = YES;
				CLANG_ENABLE_OBJC_WEAK = YES;
				CLANG_WARN_BLOCK_CAPTURE_AUTORELEASING = YES;
				CLANG_WARN_BOOL_CONVERSION = YES;
				CLANG_WARN_COMMA = YES;
				CLANG_WARN_CONSTANT_CONVERSION = YES;
				CLANG_WARN_DEPRECATED_OBJC_IMPLEMENTATIONS = YES;
				CLANG_WARN_DIRECT_OBJC_ISA_USAGE = YES_ERROR;
				CLANG_WARN_DOCUMENTATION_COMMENTS = YES;
				CLANG_WARN_EMPTY_BODY = YES;
				CLANG_WARN_ENUM_CONVERSION = YES;
				CLANG_WARN_INFINITE_RECURSION = YES;
				CLANG_WARN_INT_CONVERSION = YES;
				CLANG_WARN_NON_LITERAL_NULL_CONVERSION = YES;
				CLANG_WARN_OBJC_IMPLICIT_RETAIN_SELF = YES;
				CLANG_WARN_OBJC_LITERAL_CONVERSION = YES;
				CLANG_WARN_OBJC_ROOT_CLASS = YES_ERROR;
				CLANG_WARN_QUOTED_INCLUDE_IN_FRAMEWORK_HEADER = YES;
				CLANG_WARN_RANGE_LOOP_ANALYSIS = YES;
				CLANG_WARN_STRICT_PROTOTYPES = YES;
				CLANG_WARN_SUSPICIOUS_MOVE = YES;
				CLANG_WARN_UNGUARDED_AVAILABILITY = YES_AGGRESSIVE;
				CLANG_WARN_UNREACHABLE_CODE = YES;
				CLANG_WARN__DUPLICATE_METHOD_MATCH = YES;
				COPY_PHASE_STRIP = NO;
				DEBUG_INFORMATION_FORMAT = dwarf;
				ENABLE_STRICT_OBJC_MSGSEND = YES;
				ENABLE_TESTABILITY = YES;
				GCC_C_LANGUAGE_STANDARD = gnu11;
				GCC_DYNAMIC_NO_PIC = NO;
				GCC_NO_COMMON_BLOCKS = YES;
				GCC_OPTIMIZATION_LEVEL = 0;
				GCC_PREPROCESSOR_DEFINITIONS = (
					"DEBUG=1",
					"$(inherited)",
				);
				GCC_WARN_64_TO_32_BIT_CONVERSION = YES;
				GCC_WARN_ABOUT_RETURN_TYPE = YES_ERROR;
				GCC_WARN_UNDECLARED_SELECTOR = YES;
				GCC_WARN_UNINITIALIZED_AUTOS = YES_AGGRESSIVE;
				GCC_WARN_UNUSED_FUNCTION = YES;
				GCC_WARN_UNUSED_VARIABLE = YES;
				IPHONEOS_DEPLOYMENT_TARGET = 14.2;
				MTL_ENABLE_DEBUG_INFO = INCLUDE_SOURCE;
				MTL_FAST_MATH = YES;
				ONLY_ACTIVE_ARCH = YES;
				SDKROOT = iphoneos;
				SWIFT_ACTIVE_COMPILATION_CONDITIONS = DEBUG;
				SWIFT_OPTIMIZATION_LEVEL = "-Onone";
			};
			name = Debug;
		};
		CE0B4E8D25D52DCD00353CB8 /* Release */ = {
			isa = XCBuildConfiguration;
			buildSettings = {
				ALWAYS_SEARCH_USER_PATHS = NO;
				CLANG_ANALYZER_NONNULL = YES;
				CLANG_ANALYZER_NUMBER_OBJECT_CONVERSION = YES_AGGRESSIVE;
				CLANG_CXX_LANGUAGE_STANDARD = "gnu++14";
				CLANG_CXX_LIBRARY = "libc++";
				CLANG_ENABLE_MODULES = YES;
				CLANG_ENABLE_OBJC_ARC = YES;
				CLANG_ENABLE_OBJC_WEAK = YES;
				CLANG_WARN_BLOCK_CAPTURE_AUTORELEASING = YES;
				CLANG_WARN_BOOL_CONVERSION = YES;
				CLANG_WARN_COMMA = YES;
				CLANG_WARN_CONSTANT_CONVERSION = YES;
				CLANG_WARN_DEPRECATED_OBJC_IMPLEMENTATIONS = YES;
				CLANG_WARN_DIRECT_OBJC_ISA_USAGE = YES_ERROR;
				CLANG_WARN_DOCUMENTATION_COMMENTS = YES;
				CLANG_WARN_EMPTY_BODY = YES;
				CLANG_WARN_ENUM_CONVERSION = YES;
				CLANG_WARN_INFINITE_RECURSION = YES;
				CLANG_WARN_INT_CONVERSION = YES;
				CLANG_WARN_NON_LITERAL_NULL_CONVERSION = YES;
				CLANG_WARN_OBJC_IMPLICIT_RETAIN_SELF = YES;
				CLANG_WARN_OBJC_LITERAL_CONVERSION = YES;
				CLANG_WARN_OBJC_ROOT_CLASS = YES_ERROR;
				CLANG_WARN_QUOTED_INCLUDE_IN_FRAMEWORK_HEADER = YES;
				CLANG_WARN_RANGE_LOOP_ANALYSIS = YES;
				CLANG_WARN_STRICT_PROTOTYPES = YES;
				CLANG_WARN_SUSPICIOUS_MOVE = YES;
				CLANG_WARN_UNGUARDED_AVAILABILITY = YES_AGGRESSIVE;
				CLANG_WARN_UNREACHABLE_CODE = YES;
				CLANG_WARN__DUPLICATE_METHOD_MATCH = YES;
				COPY_PHASE_STRIP = NO;
				DEBUG_INFORMATION_FORMAT = "dwarf-with-dsym";
				ENABLE_NS_ASSERTIONS = NO;
				ENABLE_STRICT_OBJC_MSGSEND = YES;
				GCC_C_LANGUAGE_STANDARD = gnu11;
				GCC_NO_COMMON_BLOCKS = YES;
				GCC_WARN_64_TO_32_BIT_CONVERSION = YES;
				GCC_WARN_ABOUT_RETURN_TYPE = YES_ERROR;
				GCC_WARN_UNDECLARED_SELECTOR = YES;
				GCC_WARN_UNINITIALIZED_AUTOS = YES_AGGRESSIVE;
				GCC_WARN_UNUSED_FUNCTION = YES;
				GCC_WARN_UNUSED_VARIABLE = YES;
				IPHONEOS_DEPLOYMENT_TARGET = 14.2;
				MTL_ENABLE_DEBUG_INFO = NO;
				MTL_FAST_MATH = YES;
				SDKROOT = iphoneos;
				SWIFT_COMPILATION_MODE = wholemodule;
				SWIFT_OPTIMIZATION_LEVEL = "-O";
				VALIDATE_PRODUCT = YES;
			};
			name = Release;
		};
		CE0B4E8F25D52DCD00353CB8 /* Debug */ = {
			isa = XCBuildConfiguration;
			buildSettings = {
				ASSETCATALOG_COMPILER_APPICON_NAME = AppIcon;
				ASSETCATALOG_COMPILER_GLOBAL_ACCENT_COLOR_NAME = AccentColor;
				CODE_SIGN_STYLE = Automatic;
				DEVELOPMENT_TEAM = 6C4569BGYW;
				INFOPLIST_FILE = NuerogleeApp/Info.plist;
				IPHONEOS_DEPLOYMENT_TARGET = 13.0;
				LD_RUNPATH_SEARCH_PATHS = (
					"$(inherited)",
					"@executable_path/Frameworks",
				);
				PRODUCT_BUNDLE_IDENTIFIER = CL.NuerogleeApp;
				PRODUCT_NAME = "$(TARGET_NAME)";
				SWIFT_VERSION = 5.0;
				TARGETED_DEVICE_FAMILY = "1,2";
			};
			name = Debug;
		};
		CE0B4E9025D52DCD00353CB8 /* Release */ = {
			isa = XCBuildConfiguration;
			buildSettings = {
				ASSETCATALOG_COMPILER_APPICON_NAME = AppIcon;
				ASSETCATALOG_COMPILER_GLOBAL_ACCENT_COLOR_NAME = AccentColor;
				CODE_SIGN_STYLE = Automatic;
				DEVELOPMENT_TEAM = 6C4569BGYW;
				INFOPLIST_FILE = NuerogleeApp/Info.plist;
				IPHONEOS_DEPLOYMENT_TARGET = 13.0;
				LD_RUNPATH_SEARCH_PATHS = (
					"$(inherited)",
					"@executable_path/Frameworks",
				);
				PRODUCT_BUNDLE_IDENTIFIER = CL.NuerogleeApp;
				PRODUCT_NAME = "$(TARGET_NAME)";
				SWIFT_VERSION = 5.0;
				TARGETED_DEVICE_FAMILY = "1,2";
			};
			name = Release;
		};
/* End XCBuildConfiguration section */

/* Begin XCConfigurationList section */
		CE0B4E7525D52DCA00353CB8 /* Build configuration list for PBXProject "NuerogleeApp" */ = {
			isa = XCConfigurationList;
			buildConfigurations = (
				CE0B4E8C25D52DCD00353CB8 /* Debug */,
				CE0B4E8D25D52DCD00353CB8 /* Release */,
			);
			defaultConfigurationIsVisible = 0;
			defaultConfigurationName = Release;
		};
		CE0B4E8E25D52DCD00353CB8 /* Build configuration list for PBXNativeTarget "NuerogleeApp" */ = {
			isa = XCConfigurationList;
			buildConfigurations = (
				CE0B4E8F25D52DCD00353CB8 /* Debug */,
				CE0B4E9025D52DCD00353CB8 /* Release */,
			);
			defaultConfigurationIsVisible = 0;
			defaultConfigurationName = Release;
		};
/* End XCConfigurationList section */
	};
	rootObject = CE0B4E7225D52DCA00353CB8 /* Project object */;
}
